// !$*UTF8*$!
{
	archiveVersion = 1;
	classes = {
	};
	objectVersion = 46;
	objects = {

/* Begin PBXBuildFile section */
		FA7D81151A2E0590001D2BA9 /* AppDelegate.swift in Sources */ = {isa = PBXBuildFile; fileRef = FA7D81141A2E0590001D2BA9 /* AppDelegate.swift */; };
		FA7D81181A2E0590001D2BA9 /* everynote.xcdatamodeld in Sources */ = {isa = PBXBuildFile; fileRef = FA7D81161A2E0590001D2BA9 /* everynote.xcdatamodeld */; };
		FA7D811A1A2E0590001D2BA9 /* ViewController.swift in Sources */ = {isa = PBXBuildFile; fileRef = FA7D81191A2E0590001D2BA9 /* ViewController.swift */; };
		FA7D811D1A2E0590001D2BA9 /* Main.storyboard in Resources */ = {isa = PBXBuildFile; fileRef = FA7D811B1A2E0590001D2BA9 /* Main.storyboard */; };
		FA7D811F1A2E0590001D2BA9 /* Images.xcassets in Resources */ = {isa = PBXBuildFile; fileRef = FA7D811E1A2E0590001D2BA9 /* Images.xcassets */; };
		FA7D81221A2E0590001D2BA9 /* LaunchScreen.xib in Resources */ = {isa = PBXBuildFile; fileRef = FA7D81201A2E0590001D2BA9 /* LaunchScreen.xib */; };
		FA7D812E1A2E0590001D2BA9 /* everynoteTests.swift in Sources */ = {isa = PBXBuildFile; fileRef = FA7D812D1A2E0590001D2BA9 /* everynoteTests.swift */; };
		FA7D813E1A2E1E8B001D2BA9 /* ABENBrowserViewController.m in Sources */ = {isa = PBXBuildFile; fileRef = FA7D813D1A2E1E8B001D2BA9 /* ABENBrowserViewController.m */; };
/* End PBXBuildFile section */

/* Begin PBXContainerItemProxy section */
		FA7D81281A2E0590001D2BA9 /* PBXContainerItemProxy */ = {
			isa = PBXContainerItemProxy;
			containerPortal = FA7D81071A2E0590001D2BA9 /* Project object */;
			proxyType = 1;
			remoteGlobalIDString = FA7D810E1A2E0590001D2BA9;
			remoteInfo = everynote;
		};
/* End PBXContainerItemProxy section */

/* Begin PBXFileReference section */
		FA7D810F1A2E0590001D2BA9 /* everynote.app */ = {isa = PBXFileReference; explicitFileType = wrapper.application; includeInIndex = 0; path = everynote.app; sourceTree = BUILT_PRODUCTS_DIR; };
		FA7D81131A2E0590001D2BA9 /* Info.plist */ = {isa = PBXFileReference; lastKnownFileType = text.plist.xml; path = Info.plist; sourceTree = "<group>"; };
		FA7D81141A2E0590001D2BA9 /* AppDelegate.swift */ = {isa = PBXFileReference; lastKnownFileType = sourcecode.swift; path = AppDelegate.swift; sourceTree = "<group>"; };
		FA7D81171A2E0590001D2BA9 /* everynote.xcdatamodel */ = {isa = PBXFileReference; lastKnownFileType = wrapper.xcdatamodel; path = everynote.xcdatamodel; sourceTree = "<group>"; };
		FA7D81191A2E0590001D2BA9 /* ViewController.swift */ = {isa = PBXFileReference; lastKnownFileType = sourcecode.swift; path = ViewController.swift; sourceTree = "<group>"; };
		FA7D811C1A2E0590001D2BA9 /* Base */ = {isa = PBXFileReference; lastKnownFileType = file.storyboard; name = Base; path = Base.lproj/Main.storyboard; sourceTree = "<group>"; };
		FA7D811E1A2E0590001D2BA9 /* Images.xcassets */ = {isa = PBXFileReference; lastKnownFileType = folder.assetcatalog; path = Images.xcassets; sourceTree = "<group>"; };
		FA7D81211A2E0590001D2BA9 /* Base */ = {isa = PBXFileReference; lastKnownFileType = file.xib; name = Base; path = Base.lproj/LaunchScreen.xib; sourceTree = "<group>"; };
		FA7D81271A2E0590001D2BA9 /* everynoteTests.xctest */ = {isa = PBXFileReference; explicitFileType = wrapper.cfbundle; includeInIndex = 0; path = everynoteTests.xctest; sourceTree = BUILT_PRODUCTS_DIR; };
		FA7D812C1A2E0590001D2BA9 /* Info.plist */ = {isa = PBXFileReference; lastKnownFileType = text.plist.xml; path = Info.plist; sourceTree = "<group>"; };
		FA7D812D1A2E0590001D2BA9 /* everynoteTests.swift */ = {isa = PBXFileReference; lastKnownFileType = sourcecode.swift; path = everynoteTests.swift; sourceTree = "<group>"; };
		FA7D81371A2E1CFD001D2BA9 /* everynote-Bridging-Header.h */ = {isa = PBXFileReference; lastKnownFileType = sourcecode.c.h; path = "everynote-Bridging-Header.h"; sourceTree = "<group>"; };
		FA7D813C1A2E1E8B001D2BA9 /* ABENBrowserViewController.h */ = {isa = PBXFileReference; fileEncoding = 4; lastKnownFileType = sourcecode.c.h; name = ABENBrowserViewController.h; path = controllers/ABENBrowserViewController.h; sourceTree = "<group>"; };
		FA7D813D1A2E1E8B001D2BA9 /* ABENBrowserViewController.m */ = {isa = PBXFileReference; fileEncoding = 4; lastKnownFileType = sourcecode.c.objc; name = ABENBrowserViewController.m; path = controllers/ABENBrowserViewController.m; sourceTree = "<group>"; };
/* End PBXFileReference section */

/* Begin PBXFrameworksBuildPhase section */
		FA7D810C1A2E0590001D2BA9 /* Frameworks */ = {
			isa = PBXFrameworksBuildPhase;
			buildActionMask = 2147483647;
			files = (
			);
			runOnlyForDeploymentPostprocessing = 0;
		};
		FA7D81241A2E0590001D2BA9 /* Frameworks */ = {
			isa = PBXFrameworksBuildPhase;
			buildActionMask = 2147483647;
			files = (
			);
			runOnlyForDeploymentPostprocessing = 0;
		};
/* End PBXFrameworksBuildPhase section */

/* Begin PBXGroup section */
		FA7D81061A2E0590001D2BA9 = {
			isa = PBXGroup;
			children = (
				FA7D81111A2E0590001D2BA9 /* everynote */,
				FA7D812A1A2E0590001D2BA9 /* everynoteTests */,
				FA7D81101A2E0590001D2BA9 /* Products */,
			);
			sourceTree = "<group>";
		};
		FA7D81101A2E0590001D2BA9 /* Products */ = {
			isa = PBXGroup;
			children = (
				FA7D810F1A2E0590001D2BA9 /* everynote.app */,
				FA7D81271A2E0590001D2BA9 /* everynoteTests.xctest */,
			);
			name = Products;
			sourceTree = "<group>";
		};
		FA7D81111A2E0590001D2BA9 /* everynote */ = {
			isa = PBXGroup;
			children = (
				FA7D813B1A2E1D0D001D2BA9 /* controllers */,
				FA7D81141A2E0590001D2BA9 /* AppDelegate.swift */,
				FA7D81191A2E0590001D2BA9 /* ViewController.swift */,
				FA7D811B1A2E0590001D2BA9 /* Main.storyboard */,
				FA7D811E1A2E0590001D2BA9 /* Images.xcassets */,
				FA7D81201A2E0590001D2BA9 /* LaunchScreen.xib */,
				FA7D81161A2E0590001D2BA9 /* everynote.xcdatamodeld */,
				FA7D81121A2E0590001D2BA9 /* Supporting Files */,
				FA7D81371A2E1CFD001D2BA9 /* everynote-Bridging-Header.h */,
			);
			path = everynote;
			sourceTree = "<group>";
		};
		FA7D81121A2E0590001D2BA9 /* Supporting Files */ = {
			isa = PBXGroup;
			children = (
				FA7D81131A2E0590001D2BA9 /* Info.plist */,
			);
			name = "Supporting Files";
			sourceTree = "<group>";
		};
		FA7D812A1A2E0590001D2BA9 /* everynoteTests */ = {
			isa = PBXGroup;
			children = (
				FA7D812D1A2E0590001D2BA9 /* everynoteTests.swift */,
				FA7D812B1A2E0590001D2BA9 /* Supporting Files */,
			);
			path = everynoteTests;
			sourceTree = "<group>";
		};
		FA7D812B1A2E0590001D2BA9 /* Supporting Files */ = {
			isa = PBXGroup;
			children = (
				FA7D812C1A2E0590001D2BA9 /* Info.plist */,
			);
			name = "Supporting Files";
			sourceTree = "<group>";
		};
		FA7D813B1A2E1D0D001D2BA9 /* controllers */ = {
			isa = PBXGroup;
			children = (
				FA7D813C1A2E1E8B001D2BA9 /* ABENBrowserViewController.h */,
				FA7D813D1A2E1E8B001D2BA9 /* ABENBrowserViewController.m */,
			);
			name = controllers;
			sourceTree = "<group>";
		};
/* End PBXGroup section */

/* Begin PBXNativeTarget section */
		FA7D810E1A2E0590001D2BA9 /* everynote */ = {
			isa = PBXNativeTarget;
			buildConfigurationList = FA7D81311A2E0590001D2BA9 /* Build configuration list for PBXNativeTarget "everynote" */;
			buildPhases = (
				FA7D810B1A2E0590001D2BA9 /* Sources */,
				FA7D810C1A2E0590001D2BA9 /* Frameworks */,
				FA7D810D1A2E0590001D2BA9 /* Resources */,
			);
			buildRules = (
			);
			dependencies = (
			);
			name = everynote;
			productName = everynote;
			productReference = FA7D810F1A2E0590001D2BA9 /* everynote.app */;
			productType = "com.apple.product-type.application";
		};
		FA7D81261A2E0590001D2BA9 /* everynoteTests */ = {
			isa = PBXNativeTarget;
			buildConfigurationList = FA7D81341A2E0590001D2BA9 /* Build configuration list for PBXNativeTarget "everynoteTests" */;
			buildPhases = (
				FA7D81231A2E0590001D2BA9 /* Sources */,
				FA7D81241A2E0590001D2BA9 /* Frameworks */,
				FA7D81251A2E0590001D2BA9 /* Resources */,
			);
			buildRules = (
			);
			dependencies = (
				FA7D81291A2E0590001D2BA9 /* PBXTargetDependency */,
			);
			name = everynoteTests;
			productName = everynoteTests;
			productReference = FA7D81271A2E0590001D2BA9 /* everynoteTests.xctest */;
			productType = "com.apple.product-type.bundle.unit-test";
		};
/* End PBXNativeTarget section */

/* Begin PBXProject section */
		FA7D81071A2E0590001D2BA9 /* Project object */ = {
			isa = PBXProject;
			attributes = {
				LastUpgradeCheck = 0610;
				ORGANIZATIONNAME = "Alex Beltyukov";
				TargetAttributes = {
					FA7D810E1A2E0590001D2BA9 = {
						CreatedOnToolsVersion = 6.1;
					};
					FA7D81261A2E0590001D2BA9 = {
						CreatedOnToolsVersion = 6.1;
						TestTargetID = FA7D810E1A2E0590001D2BA9;
					};
				};
			};
			buildConfigurationList = FA7D810A1A2E0590001D2BA9 /* Build configuration list for PBXProject "everynote" */;
			compatibilityVersion = "Xcode 3.2";
			developmentRegion = English;
			hasScannedForEncodings = 0;
			knownRegions = (
				en,
				Base,
			);
			mainGroup = FA7D81061A2E0590001D2BA9;
			productRefGroup = FA7D81101A2E0590001D2BA9 /* Products */;
			projectDirPath = "";
			projectRoot = "";
			targets = (
				FA7D810E1A2E0590001D2BA9 /* everynote */,
				FA7D81261A2E0590001D2BA9 /* everynoteTests */,
			);
		};
/* End PBXProject section */

/* Begin PBXResourcesBuildPhase section */
		FA7D810D1A2E0590001D2BA9 /* Resources */ = {
			isa = PBXResourcesBuildPhase;
			buildActionMask = 2147483647;
			files = (
				FA7D811D1A2E0590001D2BA9 /* Main.storyboard in Resources */,
				FA7D81221A2E0590001D2BA9 /* LaunchScreen.xib in Resources */,
				FA7D811F1A2E0590001D2BA9 /* Images.xcassets in Resources */,
			);
			runOnlyForDeploymentPostprocessing = 0;
		};
		FA7D81251A2E0590001D2BA9 /* Resources */ = {
			isa = PBXResourcesBuildPhase;
			buildActionMask = 2147483647;
			files = (
			);
			runOnlyForDeploymentPostprocessing = 0;
		};
/* End PBXResourcesBuildPhase section */

/* Begin PBXSourcesBuildPhase section */
		FA7D810B1A2E0590001D2BA9 /* Sources */ = {
			isa = PBXSourcesBuildPhase;
			buildActionMask = 2147483647;
			files = (
				FA7D811A1A2E0590001D2BA9 /* ViewController.swift in Sources */,
				FA7D81151A2E0590001D2BA9 /* AppDelegate.swift in Sources */,
				FA7D81181A2E0590001D2BA9 /* everynote.xcdatamodeld in Sources */,
				FA7D813E1A2E1E8B001D2BA9 /* ABENBrowserViewController.m in Sources */,
			);
			runOnlyForDeploymentPostprocessing = 0;
		};
		FA7D81231A2E0590001D2BA9 /* Sources */ = {
			isa = PBXSourcesBuildPhase;
			buildActionMask = 2147483647;
			files = (
				FA7D812E1A2E0590001D2BA9 /* everynoteTests.swift in Sources */,
			);
			runOnlyForDeploymentPostprocessing = 0;
		};
/* End PBXSourcesBuildPhase section */

/* Begin PBXTargetDependency section */
		FA7D81291A2E0590001D2BA9 /* PBXTargetDependency */ = {
			isa = PBXTargetDependency;
			target = FA7D810E1A2E0590001D2BA9 /* everynote */;
			targetProxy = FA7D81281A2E0590001D2BA9 /* PBXContainerItemProxy */;
		};
/* End PBXTargetDependency section */

/* Begin PBXVariantGroup section */
		FA7D811B1A2E0590001D2BA9 /* Main.storyboard */ = {
			isa = PBXVariantGroup;
			children = (
				FA7D811C1A2E0590001D2BA9 /* Base */,
			);
			name = Main.storyboard;
			sourceTree = "<group>";
		};
		FA7D81201A2E0590001D2BA9 /* LaunchScreen.xib */ = {
			isa = PBXVariantGroup;
			children = (
				FA7D81211A2E0590001D2BA9 /* Base */,
			);
			name = LaunchScreen.xib;
			sourceTree = "<group>";
		};
/* End PBXVariantGroup section */

/* Begin XCBuildConfiguration section */
		FA7D812F1A2E0590001D2BA9 /* Debug */ = {
			isa = XCBuildConfiguration;
			buildSettings = {
				ALWAYS_SEARCH_USER_PATHS = NO;
				CLANG_CXX_LANGUAGE_STANDARD = "gnu++0x";
				CLANG_CXX_LIBRARY = "libc++";
				CLANG_ENABLE_MODULES = YES;
				CLANG_ENABLE_OBJC_ARC = YES;
				CLANG_WARN_BOOL_CONVERSION = YES;
				CLANG_WARN_CONSTANT_CONVERSION = YES;
				CLANG_WARN_DIRECT_OBJC_ISA_USAGE = YES_ERROR;
				CLANG_WARN_EMPTY_BODY = YES;
				CLANG_WARN_ENUM_CONVERSION = YES;
				CLANG_WARN_INT_CONVERSION = YES;
				CLANG_WARN_OBJC_ROOT_CLASS = YES_ERROR;
				CLANG_WARN_UNREACHABLE_CODE = YES;
				CLANG_WARN__DUPLICATE_METHOD_MATCH = YES;
				"CODE_SIGN_IDENTITY[sdk=iphoneos*]" = "iPhone Developer";
				COPY_PHASE_STRIP = NO;
				ENABLE_STRICT_OBJC_MSGSEND = YES;
				GCC_C_LANGUAGE_STANDARD = gnu99;
				GCC_DYNAMIC_NO_PIC = NO;
				GCC_OPTIMIZATION_LEVEL = 0;
				GCC_PREPROCESSOR_DEFINITIONS = (
					"DEBUG=1",
					"$(inherited)",
				);
				GCC_SYMBOLS_PRIVATE_EXTERN = NO;
				GCC_WARN_64_TO_32_BIT_CONVERSION = YES;
				GCC_WARN_ABOUT_RETURN_TYPE = YES_ERROR;
				GCC_WARN_UNDECLARED_SELECTOR = YES;
				GCC_WARN_UNINITIALIZED_AUTOS = YES_AGGRESSIVE;
				GCC_WARN_UNUSED_FUNCTION = YES;
				GCC_WARN_UNUSED_VARIABLE = YES;
				IPHONEOS_DEPLOYMENT_TARGET = 8.1;
				MTL_ENABLE_DEBUG_INFO = YES;
				ONLY_ACTIVE_ARCH = YES;
				SDKROOT = iphoneos;
				SWIFT_OPTIMIZATION_LEVEL = "-Onone";
				TARGETED_DEVICE_FAMILY = "1,2";
			};
			name = Debug;
		};
		FA7D81301A2E0590001D2BA9 /* Release */ = {
			isa = XCBuildConfiguration;
			buildSettings = {
				ALWAYS_SEARCH_USER_PATHS = NO;
				CLANG_CXX_LANGUAGE_STANDARD = "gnu++0x";
				CLANG_CXX_LIBRARY = "libc++";
				CLANG_ENABLE_MODULES = YES;
				CLANG_ENABLE_OBJC_ARC = YES;
				CLANG_WARN_BOOL_CONVERSION = YES;
				CLANG_WARN_CONSTANT_CONVERSION = YES;
				CLANG_WARN_DIRECT_OBJC_ISA_USAGE = YES_ERROR;
				CLANG_WARN_EMPTY_BODY = YES;
				CLANG_WARN_ENUM_CONVERSION = YES;
				CLANG_WARN_INT_CONVERSION = YES;
				CLANG_WARN_OBJC_ROOT_CLASS = YES_ERROR;
				CLANG_WARN_UNREACHABLE_CODE = YES;
				CLANG_WARN__DUPLICATE_METHOD_MATCH = YES;
				"CODE_SIGN_IDENTITY[sdk=iphoneos*]" = "iPhone Developer";
				COPY_PHASE_STRIP = YES;
				ENABLE_NS_ASSERTIONS = NO;
				ENABLE_STRICT_OBJC_MSGSEND = YES;
				GCC_C_LANGUAGE_STANDARD = gnu99;
				GCC_WARN_64_TO_32_BIT_CONVERSION = YES;
				GCC_WARN_ABOUT_RETURN_TYPE = YES_ERROR;
				GCC_WARN_UNDECLARED_SELECTOR = YES;
				GCC_WARN_UNINITIALIZED_AUTOS = YES_AGGRESSIVE;
				GCC_WARN_UNUSED_FUNCTION = YES;
				GCC_WARN_UNUSED_VARIABLE = YES;
				IPHONEOS_DEPLOYMENT_TARGET = 8.1;
				MTL_ENABLE_DEBUG_INFO = NO;
				SDKROOT = iphoneos;
				TARGETED_DEVICE_FAMILY = "1,2";
				VALIDATE_PRODUCT = YES;
			};
			name = Release;
		};
		FA7D81321A2E0590001D2BA9 /* Debug */ = {
			isa = XCBuildConfiguration;
			buildSettings = {
				ASSETCATALOG_COMPILER_APPICON_NAME = AppIcon;
				CLANG_ENABLE_MODULES = YES;
				INFOPLIST_FILE = everynote/Info.plist;
				LD_RUNPATH_SEARCH_PATHS = "$(inherited) @executable_path/Frameworks";
				PRODUCT_NAME = "$(TARGET_NAME)";
				SWIFT_OBJC_BRIDGING_HEADER = "everynote/everynote-Bridging-Header.h";
				SWIFT_OPTIMIZATION_LEVEL = "-Onone";
			};
			name = Debug;
		};
		FA7D81331A2E0590001D2BA9 /* Release */ = {
			isa = XCBuildConfiguration;
			buildSettings = {
				ASSETCATALOG_COMPILER_APPICON_NAME = AppIcon;
				CLANG_ENABLE_MODULES = YES;
				INFOPLIST_FILE = everynote/Info.plist;
				LD_RUNPATH_SEARCH_PATHS = "$(inherited) @executable_path/Frameworks";
				PRODUCT_NAME = "$(TARGET_NAME)";
				SWIFT_OBJC_BRIDGING_HEADER = "everynote/everynote-Bridging-Header.h";
			};
			name = Release;
		};
		FA7D81351A2E0590001D2BA9 /* Debug */ = {
			isa = XCBuildConfiguration;
			buildSettings = {
				BUNDLE_LOADER = "$(TEST_HOST)";
				FRAMEWORK_SEARCH_PATHS = (
					"$(SDKROOT)/Developer/Library/Frameworks",
					"$(inherited)",
				);
				GCC_PREPROCESSOR_DEFINITIONS = (
					"DEBUG=1",
					"$(inherited)",
				);
				INFOPLIST_FILE = everynoteTests/Info.plist;
				LD_RUNPATH_SEARCH_PATHS = "$(inherited) @executable_path/Frameworks @loader_path/Frameworks";
				PRODUCT_NAME = "$(TARGET_NAME)";
				TEST_HOST = "$(BUILT_PRODUCTS_DIR)/everynote.app/everynote";
			};
			name = Debug;
		};
		FA7D81361A2E0590001D2BA9 /* Release */ = {
			isa = XCBuildConfiguration;
			buildSettings = {
				BUNDLE_LOADER = "$(TEST_HOST)";
				FRAMEWORK_SEARCH_PATHS = (
					"$(SDKROOT)/Developer/Library/Frameworks",
					"$(inherited)",
				);
				INFOPLIST_FILE = everynoteTests/Info.plist;
				LD_RUNPATH_SEARCH_PATHS = "$(inherited) @executable_path/Frameworks @loader_path/Frameworks";
				PRODUCT_NAME = "$(TARGET_NAME)";
				TEST_HOST = "$(BUILT_PRODUCTS_DIR)/everynote.app/everynote";
			};
			name = Release;
		};
/* End XCBuildConfiguration section */

/* Begin XCConfigurationList section */
		FA7D810A1A2E0590001D2BA9 /* Build configuration list for PBXProject "everynote" */ = {
			isa = XCConfigurationList;
			buildConfigurations = (
				FA7D812F1A2E0590001D2BA9 /* Debug */,
				FA7D81301A2E0590001D2BA9 /* Release */,
			);
			defaultConfigurationIsVisible = 0;
			defaultConfigurationName = Release;
		};
		FA7D81311A2E0590001D2BA9 /* Build configuration list for PBXNativeTarget "everynote" */ = {
			isa = XCConfigurationList;
			buildConfigurations = (
				FA7D81321A2E0590001D2BA9 /* Debug */,
				FA7D81331A2E0590001D2BA9 /* Release */,
			);
			defaultConfigurationIsVisible = 0;
		};
		FA7D81341A2E0590001D2BA9 /* Build configuration list for PBXNativeTarget "everynoteTests" */ = {
			isa = XCConfigurationList;
			buildConfigurations = (
				FA7D81351A2E0590001D2BA9 /* Debug */,
				FA7D81361A2E0590001D2BA9 /* Release */,
			);
			defaultConfigurationIsVisible = 0;
		};
/* End XCConfigurationList section */

/* Begin XCVersionGroup section */
		FA7D81161A2E0590001D2BA9 /* everynote.xcdatamodeld */ = {
			isa = XCVersionGroup;
			children = (
				FA7D81171A2E0590001D2BA9 /* everynote.xcdatamodel */,
			);
			currentVersion = FA7D81171A2E0590001D2BA9 /* everynote.xcdatamodel */;
			path = everynote.xcdatamodeld;
			sourceTree = "<group>";
			versionGroupType = wrapper.xcdatamodel;
		};
/* End XCVersionGroup section */
	};
	rootObject = FA7D81071A2E0590001D2BA9 /* Project object */;
}
